
Microsoft Visual Studio Solution File, Format Version 12.00
# Visual Studio Version 16
VisualStudioVersion = 16.0.31205.134
MinimumVisualStudioVersion = 10.0.40219.1
Project("{9A19103F-16F7-4668-BE54-9A1E7A4F7556}") = "Geldautomat", "Geldautomat\Geldautomat.csproj", "{D8E3CE63-C855-4A65-84EE-A744EE722742}"
EndProject
Project("{9A19103F-16F7-4668-BE54-9A1E7A4F7556}") = "DatentypenKontrollstrukturen", "DatentypenKontrollstrukturen\DatentypenKontrollstrukturen.csproj", "{70B954FF-0960-4175-ACC4-51758B2DDCC0}"
EndProject
Project("{9A19103F-16F7-4668-BE54-9A1E7A4F7556}") = "Lotto", "Lotto\Lotto.csproj", "{4C7B87AE-62B2-49DC-9CBB-6920BBF73100}"
EndProject
Project("{2150E333-8FDC-42A3-9474-1A3956D46DE8}") = "Solution Items", "Solution Items", "{B4859EA3-E57F-4EE7-A256-DDFB7299561F}"
	ProjectSection(SolutionItems) = preProject
		.editorconfig = .editorconfig
	EndProjectSection
EndProject
Project("{9A19103F-16F7-4668-BE54-9A1E7A4F7556}") = "Sort", "Sort\Sort.csproj", "{395BFED2-A53B-4AB2-A720-9E52B4EA0E25}"
EndProject
Project("{9A19103F-16F7-4668-BE54-9A1E7A4F7556}") = "StartupCounter", "StartupCounter\StartupCounter.csproj", "{F1ECA5F2-FCF4-4C23-9DBE-F084BD99D859}"
EndProject
Project("{9A19103F-16F7-4668-BE54-9A1E7A4F7556}") = "BMP-Reader", "BMP-Reader\BMP-Reader.csproj", "{AE0F0FEF-F7F6-4CA3-9316-CF317926BFB6}"
EndProject
Project("{9A19103F-16F7-4668-BE54-9A1E7A4F7556}") = "SQLiteDemo", "SQLiteDemo\SQLiteDemo.csproj", "{9EB0708F-DCDE-47D1-86DA-9D9EDFE20E0B}"
EndProject
Project("{FAE04EC0-301F-11D3-BF4B-00C04F79EFBC}") = "TTT_UIConsole", "TTT_UIConsole\TTT_UIConsole.csproj", "{E1481DC1-B344-449B-852B-FC44535D0903}"
EndProject
Project("{FAE04EC0-301F-11D3-BF4B-00C04F79EFBC}") = "TTT_Logic", "TTT_Logic\TTT_Logic.csproj", "{7F47984F-13ED-4753-8EB9-1FCC4827B8DA}"
EndProject
Project("{FAE04EC0-301F-11D3-BF4B-00C04F79EFBC}") = "TTT_Tests", "TTT_Tests\TTT_Tests.csproj", "{218570B0-9BC3-48DF-9212-971FBE3227B5}"
EndProject
Global
	GlobalSection(SolutionConfigurationPlatforms) = preSolution
		Debug|Any CPU = Debug|Any CPU
		Release|Any CPU = Release|Any CPU
	EndGlobalSection
	GlobalSection(ProjectConfigurationPlatforms) = postSolution
		{D8E3CE63-C855-4A65-84EE-A744EE722742}.Debug|Any CPU.ActiveCfg = Debug|Any CPU
		{D8E3CE63-C855-4A65-84EE-A744EE722742}.Debug|Any CPU.Build.0 = Debug|Any CPU
		{D8E3CE63-C855-4A65-84EE-A744EE722742}.Release|Any CPU.ActiveCfg = Release|Any CPU
		{D8E3CE63-C855-4A65-84EE-A744EE722742}.Release|Any CPU.Build.0 = Release|Any CPU
		{70B954FF-0960-4175-ACC4-51758B2DDCC0}.Debug|Any CPU.ActiveCfg = Debug|Any CPU
		{70B954FF-0960-4175-ACC4-51758B2DDCC0}.Debug|Any CPU.Build.0 = Debug|Any CPU
		{70B954FF-0960-4175-ACC4-51758B2DDCC0}.Release|Any CPU.ActiveCfg = Release|Any CPU
		{70B954FF-0960-4175-ACC4-51758B2DDCC0}.Release|Any CPU.Build.0 = Release|Any CPU
		{4C7B87AE-62B2-49DC-9CBB-6920BBF73100}.Debug|Any CPU.ActiveCfg = Debug|Any CPU
		{4C7B87AE-62B2-49DC-9CBB-6920BBF73100}.Debug|Any CPU.Build.0 = Debug|Any CPU
		{4C7B87AE-62B2-49DC-9CBB-6920BBF73100}.Release|Any CPU.ActiveCfg = Release|Any CPU
		{4C7B87AE-62B2-49DC-9CBB-6920BBF73100}.Release|Any CPU.Build.0 = Release|Any CPU
		{395BFED2-A53B-4AB2-A720-9E52B4EA0E25}.Debug|Any CPU.ActiveCfg = Debug|Any CPU
		{395BFED2-A53B-4AB2-A720-9E52B4EA0E25}.Debug|Any CPU.Build.0 = Debug|Any CPU
		{395BFED2-A53B-4AB2-A720-9E52B4EA0E25}.Release|Any CPU.ActiveCfg = Release|Any CPU
		{395BFED2-A53B-4AB2-A720-9E52B4EA0E25}.Release|Any CPU.Build.0 = Release|Any CPU
		{F1ECA5F2-FCF4-4C23-9DBE-F084BD99D859}.Debug|Any CPU.ActiveCfg = Debug|Any CPU
		{F1ECA5F2-FCF4-4C23-9DBE-F084BD99D859}.Debug|Any CPU.Build.0 = Debug|Any CPU
		{F1ECA5F2-FCF4-4C23-9DBE-F084BD99D859}.Release|Any CPU.ActiveCfg = Release|Any CPU
		{F1ECA5F2-FCF4-4C23-9DBE-F084BD99D859}.Release|Any CPU.Build.0 = Release|Any CPU
		{AE0F0FEF-F7F6-4CA3-9316-CF317926BFB6}.Debug|Any CPU.ActiveCfg = Debug|Any CPU
		{AE0F0FEF-F7F6-4CA3-9316-CF317926BFB6}.Debug|Any CPU.Build.0 = Debug|Any CPU
		{AE0F0FEF-F7F6-4CA3-9316-CF317926BFB6}.Release|Any CPU.ActiveCfg = Release|Any CPU
		{AE0F0FEF-F7F6-4CA3-9316-CF317926BFB6}.Release|Any CPU.Build.0 = Release|Any CPU
		{9EB0708F-DCDE-47D1-86DA-9D9EDFE20E0B}.Debug|Any CPU.ActiveCfg = Debug|Any CPU
		{9EB0708F-DCDE-47D1-86DA-9D9EDFE20E0B}.Debug|Any CPU.Build.0 = Debug|Any CPU
		{9EB0708F-DCDE-47D1-86DA-9D9EDFE20E0B}.Release|Any CPU.ActiveCfg = Release|Any CPU
		{9EB0708F-DCDE-47D1-86DA-9D9EDFE20E0B}.Release|Any CPU.Build.0 = Release|Any CPU
		{E1481DC1-B344-449B-852B-FC44535D0903}.Debug|Any CPU.ActiveCfg = Debug|Any CPU
		{E1481DC1-B344-449B-852B-FC44535D0903}.Debug|Any CPU.Build.0 = Debug|Any CPU
		{E1481DC1-B344-449B-852B-FC44535D0903}.Release|Any CPU.ActiveCfg = Release|Any CPU
		{E1481DC1-B344-449B-852B-FC44535D0903}.Release|Any CPU.Build.0 = Release|Any CPU
		{7F47984F-13ED-4753-8EB9-1FCC4827B8DA}.Debug|Any CPU.ActiveCfg = Debug|Any CPU
		{7F47984F-13ED-4753-8EB9-1FCC4827B8DA}.Debug|Any CPU.Build.0 = Debug|Any CPU
		{7F47984F-13ED-4753-8EB9-1FCC4827B8DA}.Release|Any CPU.ActiveCfg = Release|Any CPU
		{7F47984F-13ED-4753-8EB9-1FCC4827B8DA}.Release|Any CPU.Build.0 = Release|Any CPU
		{218570B0-9BC3-48DF-9212-971FBE3227B5}.Debug|Any CPU.ActiveCfg = Debug|Any CPU
		{218570B0-9BC3-48DF-9212-971FBE3227B5}.Debug|Any CPU.Build.0 = Debug|Any CPU
		{218570B0-9BC3-48DF-9212-971FBE3227B5}.Release|Any CPU.ActiveCfg = Release|Any CPU
		{218570B0-9BC3-48DF-9212-971FBE3227B5}.Release|Any CPU.Build.0 = Release|Any CPU
	EndGlobalSection
	GlobalSection(SolutionProperties) = preSolution
		HideSolutionNode = FALSE
	EndGlobalSection
	GlobalSection(ExtensibilityGlobals) = postSolution
		SolutionGuid = {E4C13873-AACD-4F73-BA91-E86A40C88E5E}
	EndGlobalSection
EndGlobal
